
Microsoft Visual Studio Solution File, Format Version 12.00
# Visual Studio 15
Project("{FAE04EC0-301F-11D3-BF4B-00C04F79EFBC}") = "RQ.Unity.Plugins", "RQ.Unity.Plugins.csproj", "{F5FAD5F1-8928-7EDA-C6D5-390B4D5F9C1C}"
EndProject
Project("{FAE04EC0-301F-11D3-BF4B-00C04F79EFBC}") = "RQ.Unity", "RQ.Unity.csproj", "{0442F669-2344-AE4E-4195-1714235708CE}"
EndProject
Project("{FAE04EC0-301F-11D3-BF4B-00C04F79EFBC}") = "RQ.Unity.Editor.Plugins", "RQ.Unity.Editor.Plugins.csproj", "{2CBD84C2-626C-E036-7FB1-A616A26F072A}"
EndProject
Project("{FAE04EC0-301F-11D3-BF4B-00C04F79EFBC}") = "RQ.Unity.Editor", "RQ.Unity.Editor.csproj", "{23729D72-E40E-512C-0D2F-D434D3AE9DDA}"
EndProject
Global
	GlobalSection(SolutionConfigurationPlatforms) = preSolution
		Debug|Any CPU = Debug|Any CPU
		Release|Any CPU = Release|Any CPU
	EndGlobalSection
	GlobalSection(ProjectConfigurationPlatforms) = postSolution
		{F5FAD5F1-8928-7EDA-C6D5-390B4D5F9C1C}.Debug|Any CPU.ActiveCfg = Debug|Any CPU
		{F5FAD5F1-8928-7EDA-C6D5-390B4D5F9C1C}.Debug|Any CPU.Build.0 = Debug|Any CPU
		{F5FAD5F1-8928-7EDA-C6D5-390B4D5F9C1C}.Release|Any CPU.ActiveCfg = Release|Any CPU
		{F5FAD5F1-8928-7EDA-C6D5-390B4D5F9C1C}.Release|Any CPU.Build.0 = Release|Any CPU
		{0442F669-2344-AE4E-4195-1714235708CE}.Debug|Any CPU.ActiveCfg = Debug|Any CPU
		{0442F669-2344-AE4E-4195-1714235708CE}.Debug|Any CPU.Build.0 = Debug|Any CPU
		{0442F669-2344-AE4E-4195-1714235708CE}.Release|Any CPU.ActiveCfg = Release|Any CPU
		{0442F669-2344-AE4E-4195-1714235708CE}.Release|Any CPU.Build.0 = Release|Any CPU
		{2CBD84C2-626C-E036-7FB1-A616A26F072A}.Debug|Any CPU.ActiveCfg = Debug|Any CPU
		{2CBD84C2-626C-E036-7FB1-A616A26F072A}.Debug|Any CPU.Build.0 = Debug|Any CPU
		{2CBD84C2-626C-E036-7FB1-A616A26F072A}.Release|Any CPU.ActiveCfg = Release|Any CPU
		{2CBD84C2-626C-E036-7FB1-A616A26F072A}.Release|Any CPU.Build.0 = Release|Any CPU
		{23729D72-E40E-512C-0D2F-D434D3AE9DDA}.Debug|Any CPU.ActiveCfg = Debug|Any CPU
		{23729D72-E40E-512C-0D2F-D434D3AE9DDA}.Debug|Any CPU.Build.0 = Debug|Any CPU
		{23729D72-E40E-512C-0D2F-D434D3AE9DDA}.Release|Any CPU.ActiveCfg = Release|Any CPU
		{23729D72-E40E-512C-0D2F-D434D3AE9DDA}.Release|Any CPU.Build.0 = Release|Any CPU
	EndGlobalSection
	GlobalSection(SolutionProperties) = preSolution
		HideSolutionNode = FALSE
	EndGlobalSection
EndGlobal
